
Microsoft Visual Studio Solution File, Format Version 11.00
# Visual Studio 2010
Project("{FAE04EC0-301F-11D3-BF4B-00C04F79EFBC}") = "inisp_2_4(8)", "inisp_2_4(8).csproj", "{51F521D0-F7D5-4139-A701-EE1F576A2A03}"
EndProject
Global
	GlobalSection(SolutionConfigurationPlatforms) = preSolution
		Debug|x86 = Debug|x86
		Release|x86 = Release|x86
	EndGlobalSection
	GlobalSection(ProjectConfigurationPlatforms) = postSolution
		{51F521D0-F7D5-4139-A701-EE1F576A2A03}.Debug|x86.ActiveCfg = Debug|x86
		{51F521D0-F7D5-4139-A701-EE1F576A2A03}.Debug|x86.Build.0 = Debug|x86
		{51F521D0-F7D5-4139-A701-EE1F576A2A03}.Release|x86.ActiveCfg = Release|x86
		{51F521D0-F7D5-4139-A701-EE1F576A2A03}.Release|x86.Build.0 = Release|x86
	EndGlobalSection
	GlobalSection(SolutionProperties) = preSolution
		HideSolutionNode = FALSE
	EndGlobalSection
EndGlobal
