
Microsoft Visual Studio Solution File, Format Version 11.00
# Visual Studio 2010
Project("{FAE04EC0-301F-11D3-BF4B-00C04F79EFBC}") = "inisp_4(2)", "inisp_4(2).csproj", "{3E065407-7017-466E-8CC7-C20C107D759E}"
EndProject
Global
	GlobalSection(SolutionConfigurationPlatforms) = preSolution
		Debug|x86 = Debug|x86
		Release|x86 = Release|x86
	EndGlobalSection
	GlobalSection(ProjectConfigurationPlatforms) = postSolution
		{3E065407-7017-466E-8CC7-C20C107D759E}.Debug|x86.ActiveCfg = Debug|x86
		{3E065407-7017-466E-8CC7-C20C107D759E}.Debug|x86.Build.0 = Debug|x86
		{3E065407-7017-466E-8CC7-C20C107D759E}.Release|x86.ActiveCfg = Release|x86
		{3E065407-7017-466E-8CC7-C20C107D759E}.Release|x86.Build.0 = Release|x86
	EndGlobalSection
	GlobalSection(SolutionProperties) = preSolution
		HideSolutionNode = FALSE
	EndGlobalSection
EndGlobal
